
Microsoft Visual Studio Solution File, Format Version 12.00
# Visual Studio Version 17
VisualStudioVersion = 17.9.34728.123
MinimumVisualStudioVersion = 10.0.40219.1
Project("{FAE04EC0-301F-11D3-BF4B-00C04F79EFBC}") = "WeatherApp", "WeatherApp\WeatherApp.csproj", "{45A88335-FB88-43BD-8031-CC047A647164}"
EndProject
Project("{FAE04EC0-301F-11D3-BF4B-00C04F79EFBC}") = "WeatherApp.Domain", "WeatherApp.Domain\WeatherApp.Domain.csproj", "{888143CB-F32D-4777-8D5D-2DEE4704F61E}"
EndProject
Project("{FAE04EC0-301F-11D3-BF4B-00C04F79EFBC}") = "WeatherApp.DAL", "WeatherApp.DAL\WeatherApp.DAL.csproj", "{72CDBCE8-D763-4001-93B4-FA94120F06D3}"
EndProject
Project("{FAE04EC0-301F-11D3-BF4B-00C04F79EFBC}") = "WeatherApp.Service", "WeatherApp.Service\WeatherApp.Service.csproj", "{D45A6D12-761E-4867-A9CD-199E356FCBE4}"
EndProject
Global
	GlobalSection(SolutionConfigurationPlatforms) = preSolution
		Debug|Any CPU = Debug|Any CPU
		Release|Any CPU = Release|Any CPU
	EndGlobalSection
	GlobalSection(ProjectConfigurationPlatforms) = postSolution
		{45A88335-FB88-43BD-8031-CC047A647164}.Debug|Any CPU.ActiveCfg = Debug|Any CPU
		{45A88335-FB88-43BD-8031-CC047A647164}.Debug|Any CPU.Build.0 = Debug|Any CPU
		{45A88335-FB88-43BD-8031-CC047A647164}.Release|Any CPU.ActiveCfg = Release|Any CPU
		{45A88335-FB88-43BD-8031-CC047A647164}.Release|Any CPU.Build.0 = Release|Any CPU
		{888143CB-F32D-4777-8D5D-2DEE4704F61E}.Debug|Any CPU.ActiveCfg = Debug|Any CPU
		{888143CB-F32D-4777-8D5D-2DEE4704F61E}.Debug|Any CPU.Build.0 = Debug|Any CPU
		{888143CB-F32D-4777-8D5D-2DEE4704F61E}.Release|Any CPU.ActiveCfg = Release|Any CPU
		{888143CB-F32D-4777-8D5D-2DEE4704F61E}.Release|Any CPU.Build.0 = Release|Any CPU
		{72CDBCE8-D763-4001-93B4-FA94120F06D3}.Debug|Any CPU.ActiveCfg = Debug|Any CPU
		{72CDBCE8-D763-4001-93B4-FA94120F06D3}.Debug|Any CPU.Build.0 = Debug|Any CPU
		{72CDBCE8-D763-4001-93B4-FA94120F06D3}.Release|Any CPU.ActiveCfg = Release|Any CPU
		{72CDBCE8-D763-4001-93B4-FA94120F06D3}.Release|Any CPU.Build.0 = Release|Any CPU
		{D45A6D12-761E-4867-A9CD-199E356FCBE4}.Debug|Any CPU.ActiveCfg = Debug|Any CPU
		{D45A6D12-761E-4867-A9CD-199E356FCBE4}.Debug|Any CPU.Build.0 = Debug|Any CPU
		{D45A6D12-761E-4867-A9CD-199E356FCBE4}.Release|Any CPU.ActiveCfg = Release|Any CPU
		{D45A6D12-761E-4867-A9CD-199E356FCBE4}.Release|Any CPU.Build.0 = Release|Any CPU
	EndGlobalSection
	GlobalSection(SolutionProperties) = preSolution
		HideSolutionNode = FALSE
	EndGlobalSection
	GlobalSection(ExtensibilityGlobals) = postSolution
		SolutionGuid = {369F7B42-B410-4655-A718-E0157A70F080}
	EndGlobalSection
EndGlobal
